
Microsoft Visual Studio Solution File, Format Version 12.00
# Visual Studio 14
VisualStudioVersion = 14.0.25420.1
MinimumVisualStudioVersion = 10.0.40219.1
Project("{2150E333-8FDC-42A3-9474-1A3956D46DE8}") = "Asteroids", "Asteroids", "{AAE22503-8AAB-4514-9BBE-D79671DF23E0}"
EndProject
Project("{D954291E-2A0B-460D-934E-DC6B0785DB48}") = "Asteroids.Shared", "Asteroids\Asteroids.Shared\Asteroids.Shared.shproj", "{35C46915-4BFE-464E-A667-AE640B64E027}"
EndProject
Project("{FAE04EC0-301F-11D3-BF4B-00C04F79EFBC}") = "Asteroids.Windows", "Asteroids\Asteroids.Windows\Asteroids.Windows.csproj", "{16F9BC33-0C0E-4566-B396-E98E1BC9D41D}"
EndProject
Project("{FAE04EC0-301F-11D3-BF4B-00C04F79EFBC}") = "Asteroids.WindowsPhone", "Asteroids\Asteroids.WindowsPhone\Asteroids.WindowsPhone.csproj", "{F26E1FED-7282-46FF-B08B-A58FE92A9598}"
EndProject
Project("{FAE04EC0-301F-11D3-BF4B-00C04F79EFBC}") = "Asteroids.Utils", "Asteroids.Utils\Asteroids.Utils.csproj", "{505856DB-92A9-4906-883F-FF4831BBB98F}"
EndProject
Project("{FAE04EC0-301F-11D3-BF4B-00C04F79EFBC}") = "Asteroids.Model", "Asteroids.Model\Asteroids.Model.csproj", "{760A1406-AF71-40D2-9E95-5B2C08B2454A}"
EndProject
Project("{FAE04EC0-301F-11D3-BF4B-00C04F79EFBC}") = "Asteroids.ViewModel", "Asteroids.ViewModel\Asteroids.ViewModel.csproj", "{65690D91-6502-4597-B122-0A3E2C673B51}"
EndProject
Project("{FAE04EC0-301F-11D3-BF4B-00C04F79EFBC}") = "UnitTest", "UnitTest\UnitTest.csproj", "{47FC666D-9018-4D2A-BF38-F3A12A42E419}"
EndProject
Global
	GlobalSection(SharedMSBuildProjectFiles) = preSolution
		Asteroids\Asteroids.Shared\Asteroids.Shared.projitems*{16f9bc33-0c0e-4566-b396-e98e1bc9d41d}*SharedItemsImports = 4
		Asteroids\Asteroids.Shared\Asteroids.Shared.projitems*{35c46915-4bfe-464e-a667-ae640b64e027}*SharedItemsImports = 13
		Asteroids\Asteroids.Shared\Asteroids.Shared.projitems*{f26e1fed-7282-46ff-b08b-a58fe92a9598}*SharedItemsImports = 4
	EndGlobalSection
	GlobalSection(SolutionConfigurationPlatforms) = preSolution
		Debug|Any CPU = Debug|Any CPU
		Debug|ARM = Debug|ARM
		Debug|x64 = Debug|x64
		Debug|x86 = Debug|x86
		Release|Any CPU = Release|Any CPU
		Release|ARM = Release|ARM
		Release|x64 = Release|x64
		Release|x86 = Release|x86
	EndGlobalSection
	GlobalSection(ProjectConfigurationPlatforms) = postSolution
		{16F9BC33-0C0E-4566-B396-E98E1BC9D41D}.Debug|Any CPU.ActiveCfg = Debug|Any CPU
		{16F9BC33-0C0E-4566-B396-E98E1BC9D41D}.Debug|Any CPU.Build.0 = Debug|Any CPU
		{16F9BC33-0C0E-4566-B396-E98E1BC9D41D}.Debug|Any CPU.Deploy.0 = Debug|Any CPU
		{16F9BC33-0C0E-4566-B396-E98E1BC9D41D}.Debug|ARM.ActiveCfg = Debug|ARM
		{16F9BC33-0C0E-4566-B396-E98E1BC9D41D}.Debug|ARM.Build.0 = Debug|ARM
		{16F9BC33-0C0E-4566-B396-E98E1BC9D41D}.Debug|ARM.Deploy.0 = Debug|ARM
		{16F9BC33-0C0E-4566-B396-E98E1BC9D41D}.Debug|x64.ActiveCfg = Debug|x64
		{16F9BC33-0C0E-4566-B396-E98E1BC9D41D}.Debug|x64.Build.0 = Debug|x64
		{16F9BC33-0C0E-4566-B396-E98E1BC9D41D}.Debug|x64.Deploy.0 = Debug|x64
		{16F9BC33-0C0E-4566-B396-E98E1BC9D41D}.Debug|x86.ActiveCfg = Debug|x86
		{16F9BC33-0C0E-4566-B396-E98E1BC9D41D}.Debug|x86.Build.0 = Debug|x86
		{16F9BC33-0C0E-4566-B396-E98E1BC9D41D}.Debug|x86.Deploy.0 = Debug|x86
		{16F9BC33-0C0E-4566-B396-E98E1BC9D41D}.Release|Any CPU.ActiveCfg = Release|Any CPU
		{16F9BC33-0C0E-4566-B396-E98E1BC9D41D}.Release|Any CPU.Build.0 = Release|Any CPU
		{16F9BC33-0C0E-4566-B396-E98E1BC9D41D}.Release|Any CPU.Deploy.0 = Release|Any CPU
		{16F9BC33-0C0E-4566-B396-E98E1BC9D41D}.Release|ARM.ActiveCfg = Release|ARM
		{16F9BC33-0C0E-4566-B396-E98E1BC9D41D}.Release|ARM.Build.0 = Release|ARM
		{16F9BC33-0C0E-4566-B396-E98E1BC9D41D}.Release|ARM.Deploy.0 = Release|ARM
		{16F9BC33-0C0E-4566-B396-E98E1BC9D41D}.Release|x64.ActiveCfg = Release|x64
		{16F9BC33-0C0E-4566-B396-E98E1BC9D41D}.Release|x64.Build.0 = Release|x64
		{16F9BC33-0C0E-4566-B396-E98E1BC9D41D}.Release|x64.Deploy.0 = Release|x64
		{16F9BC33-0C0E-4566-B396-E98E1BC9D41D}.Release|x86.ActiveCfg = Release|x86
		{16F9BC33-0C0E-4566-B396-E98E1BC9D41D}.Release|x86.Build.0 = Release|x86
		{16F9BC33-0C0E-4566-B396-E98E1BC9D41D}.Release|x86.Deploy.0 = Release|x86
		{F26E1FED-7282-46FF-B08B-A58FE92A9598}.Debug|Any CPU.ActiveCfg = Debug|Any CPU
		{F26E1FED-7282-46FF-B08B-A58FE92A9598}.Debug|Any CPU.Build.0 = Debug|Any CPU
		{F26E1FED-7282-46FF-B08B-A58FE92A9598}.Debug|Any CPU.Deploy.0 = Debug|Any CPU
		{F26E1FED-7282-46FF-B08B-A58FE92A9598}.Debug|ARM.ActiveCfg = Debug|ARM
		{F26E1FED-7282-46FF-B08B-A58FE92A9598}.Debug|ARM.Build.0 = Debug|ARM
		{F26E1FED-7282-46FF-B08B-A58FE92A9598}.Debug|ARM.Deploy.0 = Debug|ARM
		{F26E1FED-7282-46FF-B08B-A58FE92A9598}.Debug|x64.ActiveCfg = Debug|Any CPU
		{F26E1FED-7282-46FF-B08B-A58FE92A9598}.Debug|x64.Build.0 = Debug|Any CPU
		{F26E1FED-7282-46FF-B08B-A58FE92A9598}.Debug|x64.Deploy.0 = Debug|Any CPU
		{F26E1FED-7282-46FF-B08B-A58FE92A9598}.Debug|x86.ActiveCfg = Debug|x86
		{F26E1FED-7282-46FF-B08B-A58FE92A9598}.Debug|x86.Build.0 = Debug|x86
		{F26E1FED-7282-46FF-B08B-A58FE92A9598}.Debug|x86.Deploy.0 = Debug|x86
		{F26E1FED-7282-46FF-B08B-A58FE92A9598}.Release|Any CPU.ActiveCfg = Release|Any CPU
		{F26E1FED-7282-46FF-B08B-A58FE92A9598}.Release|Any CPU.Build.0 = Release|Any CPU
		{F26E1FED-7282-46FF-B08B-A58FE92A9598}.Release|Any CPU.Deploy.0 = Release|Any CPU
		{F26E1FED-7282-46FF-B08B-A58FE92A9598}.Release|ARM.ActiveCfg = Release|ARM
		{F26E1FED-7282-46FF-B08B-A58FE92A9598}.Release|ARM.Build.0 = Release|ARM
		{F26E1FED-7282-46FF-B08B-A58FE92A9598}.Release|ARM.Deploy.0 = Release|ARM
		{F26E1FED-7282-46FF-B08B-A58FE92A9598}.Release|x64.ActiveCfg = Release|Any CPU
		{F26E1FED-7282-46FF-B08B-A58FE92A9598}.Release|x64.Build.0 = Release|Any CPU
		{F26E1FED-7282-46FF-B08B-A58FE92A9598}.Release|x64.Deploy.0 = Release|Any CPU
		{F26E1FED-7282-46FF-B08B-A58FE92A9598}.Release|x86.ActiveCfg = Release|x86
		{F26E1FED-7282-46FF-B08B-A58FE92A9598}.Release|x86.Build.0 = Release|x86
		{F26E1FED-7282-46FF-B08B-A58FE92A9598}.Release|x86.Deploy.0 = Release|x86
		{505856DB-92A9-4906-883F-FF4831BBB98F}.Debug|Any CPU.ActiveCfg = Debug|Any CPU
		{505856DB-92A9-4906-883F-FF4831BBB98F}.Debug|Any CPU.Build.0 = Debug|Any CPU
		{505856DB-92A9-4906-883F-FF4831BBB98F}.Debug|ARM.ActiveCfg = Debug|Any CPU
		{505856DB-92A9-4906-883F-FF4831BBB98F}.Debug|ARM.Build.0 = Debug|Any CPU
		{505856DB-92A9-4906-883F-FF4831BBB98F}.Debug|x64.ActiveCfg = Debug|Any CPU
		{505856DB-92A9-4906-883F-FF4831BBB98F}.Debug|x64.Build.0 = Debug|Any CPU
		{505856DB-92A9-4906-883F-FF4831BBB98F}.Debug|x86.ActiveCfg = Debug|Any CPU
		{505856DB-92A9-4906-883F-FF4831BBB98F}.Debug|x86.Build.0 = Debug|Any CPU
		{505856DB-92A9-4906-883F-FF4831BBB98F}.Release|Any CPU.ActiveCfg = Release|Any CPU
		{505856DB-92A9-4906-883F-FF4831BBB98F}.Release|Any CPU.Build.0 = Release|Any CPU
		{505856DB-92A9-4906-883F-FF4831BBB98F}.Release|ARM.ActiveCfg = Release|Any CPU
		{505856DB-92A9-4906-883F-FF4831BBB98F}.Release|ARM.Build.0 = Release|Any CPU
		{505856DB-92A9-4906-883F-FF4831BBB98F}.Release|x64.ActiveCfg = Release|Any CPU
		{505856DB-92A9-4906-883F-FF4831BBB98F}.Release|x64.Build.0 = Release|Any CPU
		{505856DB-92A9-4906-883F-FF4831BBB98F}.Release|x86.ActiveCfg = Release|Any CPU
		{505856DB-92A9-4906-883F-FF4831BBB98F}.Release|x86.Build.0 = Release|Any CPU
		{760A1406-AF71-40D2-9E95-5B2C08B2454A}.Debug|Any CPU.ActiveCfg = Debug|Any CPU
		{760A1406-AF71-40D2-9E95-5B2C08B2454A}.Debug|Any CPU.Build.0 = Debug|Any CPU
		{760A1406-AF71-40D2-9E95-5B2C08B2454A}.Debug|ARM.ActiveCfg = Debug|Any CPU
		{760A1406-AF71-40D2-9E95-5B2C08B2454A}.Debug|ARM.Build.0 = Debug|Any CPU
		{760A1406-AF71-40D2-9E95-5B2C08B2454A}.Debug|x64.ActiveCfg = Debug|Any CPU
		{760A1406-AF71-40D2-9E95-5B2C08B2454A}.Debug|x64.Build.0 = Debug|Any CPU
		{760A1406-AF71-40D2-9E95-5B2C08B2454A}.Debug|x86.ActiveCfg = Debug|Any CPU
		{760A1406-AF71-40D2-9E95-5B2C08B2454A}.Debug|x86.Build.0 = Debug|Any CPU
		{760A1406-AF71-40D2-9E95-5B2C08B2454A}.Release|Any CPU.ActiveCfg = Release|Any CPU
		{760A1406-AF71-40D2-9E95-5B2C08B2454A}.Release|Any CPU.Build.0 = Release|Any CPU
		{760A1406-AF71-40D2-9E95-5B2C08B2454A}.Release|ARM.ActiveCfg = Release|Any CPU
		{760A1406-AF71-40D2-9E95-5B2C08B2454A}.Release|ARM.Build.0 = Release|Any CPU
		{760A1406-AF71-40D2-9E95-5B2C08B2454A}.Release|x64.ActiveCfg = Release|Any CPU
		{760A1406-AF71-40D2-9E95-5B2C08B2454A}.Release|x64.Build.0 = Release|Any CPU
		{760A1406-AF71-40D2-9E95-5B2C08B2454A}.Release|x86.ActiveCfg = Release|Any CPU
		{760A1406-AF71-40D2-9E95-5B2C08B2454A}.Release|x86.Build.0 = Release|Any CPU
		{65690D91-6502-4597-B122-0A3E2C673B51}.Debug|Any CPU.ActiveCfg = Debug|Any CPU
		{65690D91-6502-4597-B122-0A3E2C673B51}.Debug|Any CPU.Build.0 = Debug|Any CPU
		{65690D91-6502-4597-B122-0A3E2C673B51}.Debug|ARM.ActiveCfg = Debug|Any CPU
		{65690D91-6502-4597-B122-0A3E2C673B51}.Debug|ARM.Build.0 = Debug|Any CPU
		{65690D91-6502-4597-B122-0A3E2C673B51}.Debug|x64.ActiveCfg = Debug|Any CPU
		{65690D91-6502-4597-B122-0A3E2C673B51}.Debug|x64.Build.0 = Debug|Any CPU
		{65690D91-6502-4597-B122-0A3E2C673B51}.Debug|x86.ActiveCfg = Debug|Any CPU
		{65690D91-6502-4597-B122-0A3E2C673B51}.Debug|x86.Build.0 = Debug|Any CPU
		{65690D91-6502-4597-B122-0A3E2C673B51}.Release|Any CPU.ActiveCfg = Release|Any CPU
		{65690D91-6502-4597-B122-0A3E2C673B51}.Release|Any CPU.Build.0 = Release|Any CPU
		{65690D91-6502-4597-B122-0A3E2C673B51}.Release|ARM.ActiveCfg = Release|Any CPU
		{65690D91-6502-4597-B122-0A3E2C673B51}.Release|ARM.Build.0 = Release|Any CPU
		{65690D91-6502-4597-B122-0A3E2C673B51}.Release|x64.ActiveCfg = Release|Any CPU
		{65690D91-6502-4597-B122-0A3E2C673B51}.Release|x64.Build.0 = Release|Any CPU
		{65690D91-6502-4597-B122-0A3E2C673B51}.Release|x86.ActiveCfg = Release|Any CPU
		{65690D91-6502-4597-B122-0A3E2C673B51}.Release|x86.Build.0 = Release|Any CPU
		{47FC666D-9018-4D2A-BF38-F3A12A42E419}.Debug|Any CPU.ActiveCfg = Debug|Any CPU
		{47FC666D-9018-4D2A-BF38-F3A12A42E419}.Debug|Any CPU.Build.0 = Debug|Any CPU
		{47FC666D-9018-4D2A-BF38-F3A12A42E419}.Debug|ARM.ActiveCfg = Debug|Any CPU
		{47FC666D-9018-4D2A-BF38-F3A12A42E419}.Debug|ARM.Build.0 = Debug|Any CPU
		{47FC666D-9018-4D2A-BF38-F3A12A42E419}.Debug|x64.ActiveCfg = Debug|Any CPU
		{47FC666D-9018-4D2A-BF38-F3A12A42E419}.Debug|x64.Build.0 = Debug|Any CPU
		{47FC666D-9018-4D2A-BF38-F3A12A42E419}.Debug|x86.ActiveCfg = Debug|Any CPU
		{47FC666D-9018-4D2A-BF38-F3A12A42E419}.Debug|x86.Build.0 = Debug|Any CPU
		{47FC666D-9018-4D2A-BF38-F3A12A42E419}.Release|Any CPU.ActiveCfg = Release|Any CPU
		{47FC666D-9018-4D2A-BF38-F3A12A42E419}.Release|Any CPU.Build.0 = Release|Any CPU
		{47FC666D-9018-4D2A-BF38-F3A12A42E419}.Release|ARM.ActiveCfg = Release|Any CPU
		{47FC666D-9018-4D2A-BF38-F3A12A42E419}.Release|ARM.Build.0 = Release|Any CPU
		{47FC666D-9018-4D2A-BF38-F3A12A42E419}.Release|x64.ActiveCfg = Release|Any CPU
		{47FC666D-9018-4D2A-BF38-F3A12A42E419}.Release|x64.Build.0 = Release|Any CPU
		{47FC666D-9018-4D2A-BF38-F3A12A42E419}.Release|x86.ActiveCfg = Release|Any CPU
		{47FC666D-9018-4D2A-BF38-F3A12A42E419}.Release|x86.Build.0 = Release|Any CPU
	EndGlobalSection
	GlobalSection(SolutionProperties) = preSolution
		HideSolutionNode = FALSE
	EndGlobalSection
	GlobalSection(NestedProjects) = preSolution
		{35C46915-4BFE-464E-A667-AE640B64E027} = {AAE22503-8AAB-4514-9BBE-D79671DF23E0}
		{16F9BC33-0C0E-4566-B396-E98E1BC9D41D} = {AAE22503-8AAB-4514-9BBE-D79671DF23E0}
		{F26E1FED-7282-46FF-B08B-A58FE92A9598} = {AAE22503-8AAB-4514-9BBE-D79671DF23E0}
		{505856DB-92A9-4906-883F-FF4831BBB98F} = {AAE22503-8AAB-4514-9BBE-D79671DF23E0}
		{760A1406-AF71-40D2-9E95-5B2C08B2454A} = {AAE22503-8AAB-4514-9BBE-D79671DF23E0}
		{65690D91-6502-4597-B122-0A3E2C673B51} = {AAE22503-8AAB-4514-9BBE-D79671DF23E0}
		{47FC666D-9018-4D2A-BF38-F3A12A42E419} = {AAE22503-8AAB-4514-9BBE-D79671DF23E0}
	EndGlobalSection
EndGlobal
